PODS:
  - AppAuth (1.4.0):
    - AppAuth/Core (= 1.4.0)
    - AppAuth/ExternalUserAgent (= 1.4.0)
  - AppAuth/Core (1.4.0)
  - AppAuth/ExternalUserAgent (1.4.0)
  - cloud_firestore (0.14.0-2):
    - Firebase/CoreOnly (~> 6.26.0)
    - Firebase/Firestore (~> 6.26.0)
    - firebase_core
    - Flutter
  - Firebase/Auth (6.26.0):
    - Firebase/CoreOnly
    - FirebaseAuth (~> 6.5.3)
  - Firebase/CoreOnly (6.26.0):
    - FirebaseCore (= 6.7.2)
  - Firebase/Firestore (6.26.0):
    - Firebase/CoreOnly
    - FirebaseFirestore (~> 1.15.0)
  - Firebase/Messaging (6.26.0):
    - Firebase/CoreOnly
    - FirebaseMessaging (~> 4.4.1)
  - firebase_auth (0.18.0-1):
    - Firebase/Auth (~> 6.26.0)
    - Firebase/CoreOnly (~> 6.26.0)
    - firebase_core
    - Flutter
  - firebase_core (0.5.0):
    - Firebase/CoreOnly (~> 6.26.0)
    - Flutter
  - firebase_messaging (7.0.1):
    - Firebase/CoreOnly (~> 6.26.0)
    - Firebase/Messaging (~> 6.26.0)
    - firebase_core
    - Flutter
  - FirebaseAnalyticsInterop (1.5.0)
  - FirebaseAuth (6.5.3):
    - FirebaseAuthInterop (~> 1.0)
    - FirebaseCore (~> 6.6)
    - GoogleUtilities/AppDelegateSwizzler (~> 6.5)
    - GoogleUtilities/Environment (~> 6.5)
    - GTMSessionFetcher/Core (~> 1.1)
  - FirebaseAuthInterop (1.1.0)
  - FirebaseCore (6.7.2):
    - FirebaseCoreDiagnostics (~> 1.3)
    - FirebaseCoreDiagnosticsInterop (~> 1.2)
    - GoogleUtilities/Environment (~> 6.5)
    - GoogleUtilities/Logger (~> 6.5)
  - FirebaseCoreDiagnostics (1.6.0):
    - GoogleDataTransport (~> 7.2)
    - GoogleUtilities/Environment (~> 6.7)
    - GoogleUtilities/Logger (~> 6.7)
    - nanopb (~> 1.30906.0)
  - FirebaseCoreDiagnosticsInterop (1.2.0)
  - FirebaseFirestore (1.15.0)
  - FirebaseInstallations (1.3.0):
    - FirebaseCore (~> 6.6)
    - GoogleUtilities/Environment (~> 6.6)
    - GoogleUtilities/UserDefaults (~> 6.6)
    - PromisesObjC (~> 1.2)
  - FirebaseInstanceID (4.3.4):
    - FirebaseCore (~> 6.6)
    - FirebaseInstallations (~> 1.0)
    - GoogleUtilities/Environment (~> 6.5)
    - GoogleUtilities/UserDefaults (~> 6.5)
  - FirebaseMessaging (4.4.1):
    - FirebaseAnalyticsInterop (~> 1.5)
    - FirebaseCore (~> 6.6)
    - FirebaseInstanceID (~> 4.3)
    - GoogleUtilities/AppDelegateSwizzler (~> 6.5)
    - GoogleUtilities/Environment (~> 6.5)
    - GoogleUtilities/Reachability (~> 6.5)
    - GoogleUtilities/UserDefaults (~> 6.5)
    - Protobuf (>= 3.9.2, ~> 3.9)
  - Flutter (1.0.0)
  - google_sign_in (0.0.1):
    - Flutter
    - GoogleSignIn (~> 5.0)
  - GoogleDataTransport (7.3.0):
    - nanopb (~> 1.30906.0)
  - GoogleSignIn (5.0.2):
    - AppAuth (~> 1.2)
    - GTMAppAuth (~> 1.0)
    - GTMSessionFetcher/Core (~> 1.1)
  - GoogleUtilities/AppDelegateSwizzler (6.7.2):
    - GoogleUtilities/Environment
    - GoogleUtilities/Logger
    - GoogleUtilities/Network
  - GoogleUtilities/Environment (6.7.2):
    - PromisesObjC (~> 1.2)
  - GoogleUtilities/Logger (6.7.2):
    - GoogleUtilities/Environment
  - GoogleUtilities/Network (6.7.2):
    - GoogleUtilities/Logger
    - "GoogleUtilities/NSData+zlib"
    - GoogleUtilities/Reachability
  - "GoogleUtilities/NSData+zlib (6.7.2)"
  - GoogleUtilities/Reachability (6.7.2):
    - GoogleUtilities/Logger
  - GoogleUtilities/UserDefaults (6.7.2):
    - GoogleUtilities/Logger
  - GTMAppAuth (1.0.0):
    - AppAuth/Core (~> 1.0)
    - GTMSessionFetcher (~> 1.1)
  - GTMSessionFetcher (1.4.0):
    - GTMSessionFetcher/Full (= 1.4.0)
  - GTMSessionFetcher/Core (1.4.0)
  - GTMSessionFetcher/Full (1.4.0):
    - GTMSessionFetcher/Core (= 1.4.0)
  - nanopb (1.30906.0):
    - nanopb/decode (= 1.30906.0)
    - nanopb/encode (= 1.30906.0)
  - nanopb/decode (1.30906.0)
  - nanopb/encode (1.30906.0)
  - PromisesObjC (1.2.10)
  - Protobuf (3.13.0)
  - sign_in_with_apple (0.0.1):
    - Flutter

DEPENDENCIES:
  - cloud_firestore (from `.symlinks/plugins/cloud_firestore/ios`)
  - firebase_auth (from `.symlinks/plugins/firebase_auth/ios`)
  - firebase_core (from `.symlinks/plugins/firebase_core/ios`)
  - firebase_messaging (from `.symlinks/plugins/firebase_messaging/ios`)
  - FirebaseFirestore (from `https://github.com/invertase/firestore-ios-sdk-frameworks.git`, tag `6.26.0`)
  - Flutter (from `Flutter`)
  - google_sign_in (from `.symlinks/plugins/google_sign_in/ios`)
  - sign_in_with_apple (from `.symlinks/plugins/sign_in_with_apple/ios`)

SPEC REPOS:
  trunk:
    - AppAuth
    - Firebase
    - FirebaseAnalyticsInterop
    - FirebaseAuth
    - FirebaseAuthInterop
    - FirebaseCore
    - FirebaseCoreDiagnostics
    - FirebaseCoreDiagnosticsInterop
    - FirebaseInstallations
    - FirebaseInstanceID
    - FirebaseMessaging
    - GoogleDataTransport
    - GoogleSignIn
    - GoogleUtilities
    - GTMAppAuth
    - GTMSessionFetcher
    - nanopb
    - PromisesObjC
    - Protobuf

EXTERNAL SOURCES:
  cloud_firestore:
    :path: ".symlinks/plugins/cloud_firestore/ios"
  firebase_auth:
    :path: ".symlinks/plugins/firebase_auth/ios"
  firebase_core:
    :path: ".symlinks/plugins/firebase_core/ios"
  firebase_messaging:
    :path: ".symlinks/plugins/firebase_messaging/ios"
  FirebaseFirestore:
    :git: https://github.com/invertase/firestore-ios-sdk-frameworks.git
    :tag: 6.26.0
  Flutter:
    :path: Flutter
  google_sign_in:
    :path: ".symlinks/plugins/google_sign_in/ios"
  sign_in_with_apple:
    :path: ".symlinks/plugins/sign_in_with_apple/ios"

CHECKOUT OPTIONS:
  FirebaseFirestore:
    :git: https://github.com/invertase/firestore-ios-sdk-frameworks.git
    :tag: 6.26.0

SPEC CHECKSUMS:
  AppAuth: 31bcec809a638d7bd2f86ea8a52bd45f6e81e7c7
  cloud_firestore: b054ccc068b5907645c32b669d38e82db2a11fc7
  Firebase: 7cf5f9c67f03cb3b606d1d6535286e1080e57eb6
  firebase_auth: c42c06a212439824b5da53437da905931e8e6b9a
  firebase_core: 3134fe79d257d430f163b558caf52a10a87efe8a
  firebase_messaging: d11c68e6ea2ea84091e09827b38dcdd22d6cc1b2
  FirebaseAnalyticsInterop: 3f86269c38ae41f47afeb43ebf32a001f58fcdae
  FirebaseAuth: 7047aec89c0b17ecd924a550c853f0c27ac6015e
  FirebaseAuthInterop: a0f37ae05833af156e72028f648d313f7e7592e9
  FirebaseCore: f42e5e5f382cdcf6b617ed737bf6c871a6947b17
  FirebaseCoreDiagnostics: 7415bfb3883b3500c5a95c42b6ba66baae78f600
  FirebaseCoreDiagnosticsInterop: 296e2c5f5314500a850ad0b83e9e7c10b011a850
  FirebaseFirestore: 2cf6944bc538e57c94d8332bae501178edb70727
  FirebaseInstallations: 6f5f680e65dc374397a483c32d1799ba822a395b
  FirebaseInstanceID: cef67c4967c7cecb56ea65d8acbb4834825c587b
  FirebaseMessaging: 29543feb343b09546ab3aa04d008ee8595b43c44
  Flutter: 0e3d915762c693b495b44d77113d4970485de6ec
  google_sign_in: 6bd214b9c154f881422f5fe27b66aaa7bbd580cc
  GoogleDataTransport: e85fb700c9b027079ce182c3d08e12e0f9618bb4
  GoogleSignIn: 7137d297ddc022a7e0aa4619c86d72c909fa7213
  GoogleUtilities: 7f2f5a07f888cdb145101d6042bc4422f57e70b3
  GTMAppAuth: 4deac854479704f348309e7b66189e604cf5e01e
  GTMSessionFetcher: 6f5c8abbab8a9bce4bb3f057e317728ec6182b10
  nanopb: 59317e09cf1f1a0af72f12af412d54edf52603fc
  PromisesObjC: b14b1c6b68e306650688599de8a45e49fae81151
  Protobuf: 3dac39b34a08151c6d949560efe3f86134a3f748
  sign_in_with_apple: 34f3f5456a45fd7ac5fb42905e2ad31dae061b4a

PODFILE CHECKSUM: 8046bfa0d41ca081d6d78134800b2bf56d5617d3

COCOAPODS: 1.9.3
